
Microsoft Visual Studio Solution File, Format Version 12.00
# Visual Studio Version 16
VisualStudioVersion = 16.0.30225.117
MinimumVisualStudioVersion = 10.0.40219.1
Project("{FAE04EC0-301F-11D3-BF4B-00C04F79EFBC}") = "NestedObjects", "NestedObjects\NestedObjects.csproj", "{65B6E1D6-C37F-4A07-86D7-B8FFAD601646}"
EndProject
Global
	GlobalSection(SolutionConfigurationPlatforms) = preSolution
		Debug|Any CPU = Debug|Any CPU
		Release|Any CPU = Release|Any CPU
	EndGlobalSection
	GlobalSection(ProjectConfigurationPlatforms) = postSolution
		{65B6E1D6-C37F-4A07-86D7-B8FFAD601646}.Debug|Any CPU.ActiveCfg = Debug|Any CPU
		{65B6E1D6-C37F-4A07-86D7-B8FFAD601646}.Debug|Any CPU.Build.0 = Debug|Any CPU
		{65B6E1D6-C37F-4A07-86D7-B8FFAD601646}.Release|Any CPU.ActiveCfg = Release|Any CPU
		{65B6E1D6-C37F-4A07-86D7-B8FFAD601646}.Release|Any CPU.Build.0 = Release|Any CPU
	EndGlobalSection
	GlobalSection(SolutionProperties) = preSolution
		HideSolutionNode = FALSE
	EndGlobalSection
	GlobalSection(ExtensibilityGlobals) = postSolution
		SolutionGuid = {13EFECCD-0DA2-40D6-8422-4B0A3AE9228D}
	EndGlobalSection
EndGlobal
